Microsoft Visual Studio Solution File, Format Version 12.00
# Visual Studio Version 17
VisualStudioVersion = 17.0.31919.166
MinimumVisualStudioVersion = 10.0.40219.1
Project("{9A19103F-16F7-4668-BE54-9A1E7A4F7556}") = "DisasterResourceAllocation.API", "DisasterResourceAllocation.API\DisasterResourceAllocation.API.csproj", "{5F5B5F5B-5F5B-5F5B-5F5B-5F5B5F5B5F5B}"
EndProject
Project("{9A19103F-16F7-4668-BE54-9A1E7A4F7556}") = "DisasterResourceAllocation.Domain", "DisasterResourceAllocation.Domain\DisasterResourceAllocation.Domain.csproj", "{6F6B6F6B-6F6B-6F6B-6F6B-6F6B6F6B6F6B}"
EndProject
Project("{9A19103F-16F7-4668-BE54-9A1E7A4F7556}") = "DisasterResourceAllocation.Application", "DisasterResourceAllocation.Application\DisasterResourceAllocation.Application.csproj", "{7F7B7F7B-7F7B-7F7B-7F7B-7F7B7F7B7F7B}"
EndProject
Project("{9A19103F-16F7-4668-BE54-9A1E7A4F7556}") = "DisasterResourceAllocation.Infrastructure", "DisasterResourceAllocation.Infrastructure\DisasterResourceAllocation.Infrastructure.csproj", "{8F8B8F8B-8F8B-8F8B-8F8B-8F8B8F8B8F8B}"
EndProject
Global
	GlobalSection(SolutionConfigurationPlatforms) = preSolution
		Debug|Any CPU = Debug|Any CPU
		Release|Any CPU = Release|Any CPU
	EndGlobalSection
	GlobalSection(ProjectConfigurationPlatforms) = postSolution
		{5F5B5F5B-5F5B-5F5B-5F5B-5F5B5F5B5F5B}.Debug|Any CPU.ActiveCfg = Debug|Any CPU
		{5F5B5F5B-5F5B-5F5B-5F5B-5F5B5F5B5F5B}.Debug|Any CPU.Build.0 = Debug|Any CPU
		{5F5B5F5B-5F5B-5F5B-5F5B-5F5B5F5B5F5B}.Release|Any CPU.ActiveCfg = Release|Any CPU
		{5F5B5F5B-5F5B-5F5B-5F5B-5F5B5F5B5F5B}.Release|Any CPU.Build.0 = Release|Any CPU
		{6F6B6F6B-6F6B-6F6B-6F6B-6F6B6F6B6F6B}.Debug|Any CPU.ActiveCfg = Debug|Any CPU
		{6F6B6F6B-6F6B-6F6B-6F6B-6F6B6F6B6F6B}.Debug|Any CPU.Build.0 = Debug|Any CPU
		{6F6B6F6B-6F6B-6F6B-6F6B-6F6B6F6B6F6B}.Release|Any CPU.ActiveCfg = Release|Any CPU
		{6F6B6F6B-6F6B-6F6B-6F6B-6F6B6F6B6F6B}.Release|Any CPU.Build.0 = Release|Any CPU
		{7F7B7F7B-7F7B-7F7B-7F7B-7F7B7F7B7F7B}.Debug|Any CPU.ActiveCfg = Debug|Any CPU
		{7F7B7F7B-7F7B-7F7B-7F7B-7F7B7F7B7F7B}.Debug|Any CPU.Build.0 = Debug|Any CPU
		{7F7B7F7B-7F7B-7F7B-7F7B-7F7B7F7B7F7B}.Release|Any CPU.ActiveCfg = Release|Any CPU
		{7F7B7F7B-7F7B-7F7B-7F7B-7F7B7F7B7F7B}.Release|Any CPU.Build.0 = Release|Any CPU
		{8F8B8F8B-8F8B-8F8B-8F8B-8F8B8F8B8F8B}.Debug|Any CPU.ActiveCfg = Debug|Any CPU
		{8F8B8F8B-8F8B-8F8B-8F8B-8F8B8F8B8F8B}.Debug|Any CPU.Build.0 = Debug|Any CPU
		{8F8B8F8B-8F8B-8F8B-8F8B-8F8B8F8B8F8B}.Release|Any CPU.ActiveCfg = Release|Any CPU
		{8F8B8F8B-8F8B-8F8B-8F8B-8F8B8F8B8F8B}.Release|Any CPU.Build.0 = Release|Any CPU
	EndGlobalSection
EndGlobal